
Microsoft Visual Studio Solution File, Format Version 12.00
# Visual Studio Version 17
VisualStudioVersion = 17.2.32616.157
MinimumVisualStudioVersion = 10.0.40219.1
Project("{FAE04EC0-301F-11D3-BF4B-00C04F79EFBC}") = "Plantbook", "Plantbook\Plantbook.csproj", "{AF56A119-5DF7-4F71-A01C-4DB3F85D6732}"
EndProject
Global
	GlobalSection(SolutionConfigurationPlatforms) = preSolution
		Debug|Any CPU = Debug|Any CPU
		Release|Any CPU = Release|Any CPU
	EndGlobalSection
	GlobalSection(ProjectConfigurationPlatforms) = postSolution
		{AF56A119-5DF7-4F71-A01C-4DB3F85D6732}.Debug|Any CPU.ActiveCfg = Debug|Any CPU
		{AF56A119-5DF7-4F71-A01C-4DB3F85D6732}.Debug|Any CPU.Build.0 = Debug|Any CPU
		{AF56A119-5DF7-4F71-A01C-4DB3F85D6732}.Release|Any CPU.ActiveCfg = Release|Any CPU
		{AF56A119-5DF7-4F71-A01C-4DB3F85D6732}.Release|Any CPU.Build.0 = Release|Any CPU
	EndGlobalSection
	GlobalSection(SolutionProperties) = preSolution
		HideSolutionNode = FALSE
	EndGlobalSection
	GlobalSection(ExtensibilityGlobals) = postSolution
		SolutionGuid = {9524B938-670B-4DA9-BA0A-B35A7086D13E}
	EndGlobalSection
EndGlobal
